
Microsoft Visual Studio Solution File, Format Version 12.00
# Visual Studio Version 18
VisualStudioVersion = 18.0.11205.157 d18.0
MinimumVisualStudioVersion = 10.0.40219.1
Project("{9A19103F-16F7-4668-BE54-9A1E7A4F7556}") = "Caly.Core", "Caly.Core\Caly.Core.csproj", "{3EC2C947-E691-406B-994A-5F543EA26AAE}"
EndProject
Project("{9A19103F-16F7-4668-BE54-9A1E7A4F7556}") = "Caly.Android", "Caly.Android\Caly.Android.csproj", "{680FFCC7-3FEA-4357-81F3-812427529284}"
EndProject
Project("{9A19103F-16F7-4668-BE54-9A1E7A4F7556}") = "Caly.Desktop", "Caly.Desktop\Caly.Desktop.csproj", "{B3787B6E-ED11-42BE-965C-C1DC79E8B4CC}"
EndProject
Project("{9A19103F-16F7-4668-BE54-9A1E7A4F7556}") = "Caly.iOS", "Caly.iOS\Caly.iOS.csproj", "{75871F7D-5A91-4562-86CD-FE902B5858D6}"
EndProject
Project("{9A19103F-16F7-4668-BE54-9A1E7A4F7556}") = "Caly.Pdf", "Caly.Pdf\Caly.Pdf.csproj", "{FF095426-A8E4-4947-90EA-7569C8DAC306}"
EndProject
Project("{9A19103F-16F7-4668-BE54-9A1E7A4F7556}") = "Caly.Benchmarks", "Caly.Benchmarks\Caly.Benchmarks.csproj", "{42810574-9A4A-481C-9182-BEE1D22A60AB}"
EndProject
Project("{2150E333-8FDC-42A3-9474-1A3956D46DE8}") = "Solution Items", "Solution Items", "{C7AA9A22-3AB3-45CE-8BC2-A5AFB5442F54}"
	ProjectSection(SolutionItems) = preProject
		.editorconfig = .editorconfig
	EndProjectSection
EndProject
Project("{9A19103F-16F7-4668-BE54-9A1E7A4F7556}") = "Caly.Tests", "Caly.Tests\Caly.Tests.csproj", "{F8503ADA-DC76-4399-BAD3-ED27E52FF7B0}"
EndProject
Project("{9A19103F-16F7-4668-BE54-9A1E7A4F7556}") = "Caly.Printing.Core", "Printing\Caly.Printing.Core\Caly.Printing.Core.csproj", "{B4096E2A-8FC5-429D-B933-6577B3799EA3}"
EndProject
Project("{9A19103F-16F7-4668-BE54-9A1E7A4F7556}") = "Caly.Printing.Windows", "Printing\Caly.Printing.Windows\Caly.Printing.Windows.csproj", "{F9D9191E-1F79-47FD-9639-50C756A38322}"
EndProject
Project("{9A19103F-16F7-4668-BE54-9A1E7A4F7556}") = "Caly.Printing.Unix", "Printing\Caly.Printing.Unix\Caly.Printing.Unix.csproj", "{3C8C0676-60BB-4E1A-ADAA-7F52374E5648}"
EndProject
Global
	GlobalSection(SolutionConfigurationPlatforms) = preSolution
		AOT|Any CPU = AOT|Any CPU
		Debug|Any CPU = Debug|Any CPU
		Release|Any CPU = Release|Any CPU
	EndGlobalSection
	GlobalSection(ProjectConfigurationPlatforms) = postSolution
		{3EC2C947-E691-406B-994A-5F543EA26AAE}.AOT|Any CPU.ActiveCfg = Release|Any CPU
		{3EC2C947-E691-406B-994A-5F543EA26AAE}.AOT|Any CPU.Build.0 = Release|Any CPU
		{3EC2C947-E691-406B-994A-5F543EA26AAE}.Debug|Any CPU.ActiveCfg = Debug|Any CPU
		{3EC2C947-E691-406B-994A-5F543EA26AAE}.Debug|Any CPU.Build.0 = Debug|Any CPU
		{3EC2C947-E691-406B-994A-5F543EA26AAE}.Release|Any CPU.ActiveCfg = Release|Any CPU
		{3EC2C947-E691-406B-994A-5F543EA26AAE}.Release|Any CPU.Build.0 = Release|Any CPU
		{680FFCC7-3FEA-4357-81F3-812427529284}.AOT|Any CPU.ActiveCfg = Release|Any CPU
		{680FFCC7-3FEA-4357-81F3-812427529284}.AOT|Any CPU.Build.0 = Release|Any CPU
		{680FFCC7-3FEA-4357-81F3-812427529284}.AOT|Any CPU.Deploy.0 = Release|Any CPU
		{680FFCC7-3FEA-4357-81F3-812427529284}.Debug|Any CPU.ActiveCfg = Debug|Any CPU
		{680FFCC7-3FEA-4357-81F3-812427529284}.Debug|Any CPU.Build.0 = Debug|Any CPU
		{680FFCC7-3FEA-4357-81F3-812427529284}.Debug|Any CPU.Deploy.0 = Debug|Any CPU
		{680FFCC7-3FEA-4357-81F3-812427529284}.Release|Any CPU.ActiveCfg = Release|Any CPU
		{680FFCC7-3FEA-4357-81F3-812427529284}.Release|Any CPU.Build.0 = Release|Any CPU
		{680FFCC7-3FEA-4357-81F3-812427529284}.Release|Any CPU.Deploy.0 = Release|Any CPU
		{B3787B6E-ED11-42BE-965C-C1DC79E8B4CC}.AOT|Any CPU.ActiveCfg = AOT|Any CPU
		{B3787B6E-ED11-42BE-965C-C1DC79E8B4CC}.AOT|Any CPU.Build.0 = AOT|Any CPU
		{B3787B6E-ED11-42BE-965C-C1DC79E8B4CC}.Debug|Any CPU.ActiveCfg = Debug|Any CPU
		{B3787B6E-ED11-42BE-965C-C1DC79E8B4CC}.Debug|Any CPU.Build.0 = Debug|Any CPU
		{B3787B6E-ED11-42BE-965C-C1DC79E8B4CC}.Release|Any CPU.ActiveCfg = Release|Any CPU
		{B3787B6E-ED11-42BE-965C-C1DC79E8B4CC}.Release|Any CPU.Build.0 = Release|Any CPU
		{75871F7D-5A91-4562-86CD-FE902B5858D6}.AOT|Any CPU.ActiveCfg = Release|Any CPU
		{75871F7D-5A91-4562-86CD-FE902B5858D6}.Debug|Any CPU.ActiveCfg = Debug|Any CPU
		{75871F7D-5A91-4562-86CD-FE902B5858D6}.Debug|Any CPU.Build.0 = Debug|Any CPU
		{75871F7D-5A91-4562-86CD-FE902B5858D6}.Debug|Any CPU.Deploy.0 = Debug|Any CPU
		{75871F7D-5A91-4562-86CD-FE902B5858D6}.Release|Any CPU.ActiveCfg = Release|Any CPU
		{75871F7D-5A91-4562-86CD-FE902B5858D6}.Release|Any CPU.Build.0 = Release|Any CPU
		{75871F7D-5A91-4562-86CD-FE902B5858D6}.Release|Any CPU.Deploy.0 = Release|Any CPU
		{FF095426-A8E4-4947-90EA-7569C8DAC306}.AOT|Any CPU.ActiveCfg = Release|Any CPU
		{FF095426-A8E4-4947-90EA-7569C8DAC306}.AOT|Any CPU.Build.0 = Release|Any CPU
		{FF095426-A8E4-4947-90EA-7569C8DAC306}.Debug|Any CPU.ActiveCfg = Debug|Any CPU
		{FF095426-A8E4-4947-90EA-7569C8DAC306}.Debug|Any CPU.Build.0 = Debug|Any CPU
		{FF095426-A8E4-4947-90EA-7569C8DAC306}.Release|Any CPU.ActiveCfg = Release|Any CPU
		{FF095426-A8E4-4947-90EA-7569C8DAC306}.Release|Any CPU.Build.0 = Release|Any CPU
		{42810574-9A4A-481C-9182-BEE1D22A60AB}.AOT|Any CPU.ActiveCfg = Release|Any CPU
		{42810574-9A4A-481C-9182-BEE1D22A60AB}.AOT|Any CPU.Build.0 = Release|Any CPU
		{42810574-9A4A-481C-9182-BEE1D22A60AB}.Debug|Any CPU.ActiveCfg = Debug|Any CPU
		{42810574-9A4A-481C-9182-BEE1D22A60AB}.Debug|Any CPU.Build.0 = Debug|Any CPU
		{42810574-9A4A-481C-9182-BEE1D22A60AB}.Release|Any CPU.ActiveCfg = Release|Any CPU
		{42810574-9A4A-481C-9182-BEE1D22A60AB}.Release|Any CPU.Build.0 = Release|Any CPU
		{F8503ADA-DC76-4399-BAD3-ED27E52FF7B0}.AOT|Any CPU.ActiveCfg = Release|Any CPU
		{F8503ADA-DC76-4399-BAD3-ED27E52FF7B0}.AOT|Any CPU.Build.0 = Release|Any CPU
		{F8503ADA-DC76-4399-BAD3-ED27E52FF7B0}.Debug|Any CPU.ActiveCfg = Debug|Any CPU
		{F8503ADA-DC76-4399-BAD3-ED27E52FF7B0}.Debug|Any CPU.Build.0 = Debug|Any CPU
		{F8503ADA-DC76-4399-BAD3-ED27E52FF7B0}.Release|Any CPU.ActiveCfg = Release|Any CPU
		{F8503ADA-DC76-4399-BAD3-ED27E52FF7B0}.Release|Any CPU.Build.0 = Release|Any CPU
		{B4096E2A-8FC5-429D-B933-6577B3799EA3}.AOT|Any CPU.ActiveCfg = Release|Any CPU
		{B4096E2A-8FC5-429D-B933-6577B3799EA3}.AOT|Any CPU.Build.0 = Release|Any CPU
		{B4096E2A-8FC5-429D-B933-6577B3799EA3}.Debug|Any CPU.ActiveCfg = Debug|Any CPU
		{B4096E2A-8FC5-429D-B933-6577B3799EA3}.Debug|Any CPU.Build.0 = Debug|Any CPU
		{B4096E2A-8FC5-429D-B933-6577B3799EA3}.Release|Any CPU.ActiveCfg = Release|Any CPU
		{B4096E2A-8FC5-429D-B933-6577B3799EA3}.Release|Any CPU.Build.0 = Release|Any CPU
		{F9D9191E-1F79-47FD-9639-50C756A38322}.AOT|Any CPU.ActiveCfg = Release|Any CPU
		{F9D9191E-1F79-47FD-9639-50C756A38322}.AOT|Any CPU.Build.0 = Release|Any CPU
		{F9D9191E-1F79-47FD-9639-50C756A38322}.Debug|Any CPU.ActiveCfg = Debug|Any CPU
		{F9D9191E-1F79-47FD-9639-50C756A38322}.Debug|Any CPU.Build.0 = Debug|Any CPU
		{F9D9191E-1F79-47FD-9639-50C756A38322}.Release|Any CPU.ActiveCfg = Release|Any CPU
		{F9D9191E-1F79-47FD-9639-50C756A38322}.Release|Any CPU.Build.0 = Release|Any CPU
		{3C8C0676-60BB-4E1A-ADAA-7F52374E5648}.AOT|Any CPU.ActiveCfg = Release|Any CPU
		{3C8C0676-60BB-4E1A-ADAA-7F52374E5648}.AOT|Any CPU.Build.0 = Release|Any CPU
		{3C8C0676-60BB-4E1A-ADAA-7F52374E5648}.Debug|Any CPU.ActiveCfg = Debug|Any CPU
		{3C8C0676-60BB-4E1A-ADAA-7F52374E5648}.Debug|Any CPU.Build.0 = Debug|Any CPU
		{3C8C0676-60BB-4E1A-ADAA-7F52374E5648}.Release|Any CPU.ActiveCfg = Release|Any CPU
		{3C8C0676-60BB-4E1A-ADAA-7F52374E5648}.Release|Any CPU.Build.0 = Release|Any CPU
	EndGlobalSection
	GlobalSection(SolutionProperties) = preSolution
		HideSolutionNode = FALSE
	EndGlobalSection
	GlobalSection(ExtensibilityGlobals) = postSolution
		SolutionGuid = {E4266927-3627-47FF-B829-F45BBA8830F9}
	EndGlobalSection
EndGlobal
